dependencies:
- name: redis
  repository: https://charts.bitnami.com/bitnami
  version: 17.11.5
- name: rabbitmq
  repository: https://charts.bitnami.com/bitnami
  version: 12.4.2
- name: grafana
  repository: https://grafana.github.io/helm-charts
  version: 6.59.4
- name: prometheus
  repository: https://prometheus-community.github.io/helm-charts
  version: 25.21.0
digest: sha256:59336afc55dd02dcdafb2714e80da1124b31ed1bfa5cc9623861f124c5326077
generated: "2025-05-07T20:59:34.108527+02:00"
